
Microsoft Visual Studio Solution File, Format Version 12.00
# Visual Studio Version 17
VisualStudioVersion = 17.0.31919.166
MinimumVisualStudioVersion = 10.0.40219.1
Project("{9A19103F-16F7-4668-BE54-9A1E7A4F7556}") = "IslandHopper", "IslandHopper\IslandHopper.csproj", "{D7CF48EC-8F6B-4FAB-ABC6-921916EA8B9C}"
EndProject
Project("{9A19103F-16F7-4668-BE54-9A1E7A4F7556}") = "BrainWaves", "BrainWaves\BrainWaves.csproj", "{53A7CD49-D4D9-40C7-8992-712A25813C67}"
EndProject
Project("{D954291E-2A0B-460D-934E-DC6B0785DB48}") = "Common", "Common\Common.shproj", "{A0CDBD0E-3A41-42B7-9425-A838BC2C7383}"
EndProject
Project("{9A19103F-16F7-4668-BE54-9A1E7A4F7556}") = "Graphics", "Graphics\Graphics.csproj", "{5363B357-C2D0-4DA6-A9F9-6BE3E22E764E}"
EndProject
Project("{9A19103F-16F7-4668-BE54-9A1E7A4F7556}") = "Life", "Life\Life.csproj", "{A016F4FF-3054-48AD-9CBD-DD5177F8DD5C}"
EndProject
Project("{9A19103F-16F7-4668-BE54-9A1E7A4F7556}") = "RogueFrontier", "RogueFrontier\RogueFrontier.csproj", "{FD73740F-97C1-4634-9478-4736D3835DBA}"
EndProject
Project("{2150E333-8FDC-42A3-9474-1A3956D46DE8}") = "Solution Items", "Solution Items", "{9A6CBF82-FCDA-4E68-8E1F-ABF6A46ABE7F}"
	ProjectSection(SolutionItems) = preProject
		.editorconfig = .editorconfig
		Directory.Build.props = Directory.Build.props
	EndProjectSection
EndProject
Project("{FAE04EC0-301F-11D3-BF4B-00C04F79EFBC}") = "ANSIMon", "ANSIMon\ANSIMon.csproj", "{5F99CE7E-EBFC-46C2-95D4-6B3FE6F79769}"
EndProject
Global
	GlobalSection(SharedMSBuildProjectFiles) = preSolution
		Common\Common.projitems*{53a7cd49-d4d9-40c7-8992-712a25813c67}*SharedItemsImports = 5
		Common\Common.projitems*{5f99ce7e-ebfc-46c2-95d4-6b3fe6f79769}*SharedItemsImports = 5
		Common\Common.projitems*{a0cdbd0e-3a41-42b7-9425-a838bc2c7383}*SharedItemsImports = 13
		Common\Common.projitems*{d7cf48ec-8f6b-4fab-abc6-921916ea8b9c}*SharedItemsImports = 5
		Common\Common.projitems*{fd73740f-97c1-4634-9478-4736d3835dba}*SharedItemsImports = 5
	EndGlobalSection
	GlobalSection(SolutionConfigurationPlatforms) = preSolution
		Debug|Any CPU = Debug|Any CPU
		Debug|x86 = Debug|x86
		Release|Any CPU = Release|Any CPU
		Release|x86 = Release|x86
	EndGlobalSection
	GlobalSection(ProjectConfigurationPlatforms) = postSolution
		{D7CF48EC-8F6B-4FAB-ABC6-921916EA8B9C}.Debug|Any CPU.ActiveCfg = Debug|Any CPU
		{D7CF48EC-8F6B-4FAB-ABC6-921916EA8B9C}.Debug|Any CPU.Build.0 = Debug|Any CPU
		{D7CF48EC-8F6B-4FAB-ABC6-921916EA8B9C}.Debug|x86.ActiveCfg = Debug|Any CPU
		{D7CF48EC-8F6B-4FAB-ABC6-921916EA8B9C}.Debug|x86.Build.0 = Debug|Any CPU
		{D7CF48EC-8F6B-4FAB-ABC6-921916EA8B9C}.Release|Any CPU.ActiveCfg = Release|Any CPU
		{D7CF48EC-8F6B-4FAB-ABC6-921916EA8B9C}.Release|Any CPU.Build.0 = Release|Any CPU
		{D7CF48EC-8F6B-4FAB-ABC6-921916EA8B9C}.Release|x86.ActiveCfg = Release|Any CPU
		{D7CF48EC-8F6B-4FAB-ABC6-921916EA8B9C}.Release|x86.Build.0 = Release|Any CPU
		{53A7CD49-D4D9-40C7-8992-712A25813C67}.Debug|Any CPU.ActiveCfg = Debug|Any CPU
		{53A7CD49-D4D9-40C7-8992-712A25813C67}.Debug|Any CPU.Build.0 = Debug|Any CPU
		{53A7CD49-D4D9-40C7-8992-712A25813C67}.Debug|x86.ActiveCfg = Debug|Any CPU
		{53A7CD49-D4D9-40C7-8992-712A25813C67}.Debug|x86.Build.0 = Debug|Any CPU
		{53A7CD49-D4D9-40C7-8992-712A25813C67}.Release|Any CPU.ActiveCfg = Release|Any CPU
		{53A7CD49-D4D9-40C7-8992-712A25813C67}.Release|Any CPU.Build.0 = Release|Any CPU
		{53A7CD49-D4D9-40C7-8992-712A25813C67}.Release|x86.ActiveCfg = Release|Any CPU
		{53A7CD49-D4D9-40C7-8992-712A25813C67}.Release|x86.Build.0 = Release|Any CPU
		{5363B357-C2D0-4DA6-A9F9-6BE3E22E764E}.Debug|Any CPU.ActiveCfg = Debug|Any CPU
		{5363B357-C2D0-4DA6-A9F9-6BE3E22E764E}.Debug|Any CPU.Build.0 = Debug|Any CPU
		{5363B357-C2D0-4DA6-A9F9-6BE3E22E764E}.Debug|x86.ActiveCfg = Debug|Any CPU
		{5363B357-C2D0-4DA6-A9F9-6BE3E22E764E}.Debug|x86.Build.0 = Debug|Any CPU
		{5363B357-C2D0-4DA6-A9F9-6BE3E22E764E}.Release|Any CPU.ActiveCfg = Release|Any CPU
		{5363B357-C2D0-4DA6-A9F9-6BE3E22E764E}.Release|Any CPU.Build.0 = Release|Any CPU
		{5363B357-C2D0-4DA6-A9F9-6BE3E22E764E}.Release|x86.ActiveCfg = Release|Any CPU
		{5363B357-C2D0-4DA6-A9F9-6BE3E22E764E}.Release|x86.Build.0 = Release|Any CPU
		{A016F4FF-3054-48AD-9CBD-DD5177F8DD5C}.Debug|Any CPU.ActiveCfg = Debug|Any CPU
		{A016F4FF-3054-48AD-9CBD-DD5177F8DD5C}.Debug|Any CPU.Build.0 = Debug|Any CPU
		{A016F4FF-3054-48AD-9CBD-DD5177F8DD5C}.Debug|x86.ActiveCfg = Debug|Any CPU
		{A016F4FF-3054-48AD-9CBD-DD5177F8DD5C}.Debug|x86.Build.0 = Debug|Any CPU
		{A016F4FF-3054-48AD-9CBD-DD5177F8DD5C}.Release|Any CPU.ActiveCfg = Release|Any CPU
		{A016F4FF-3054-48AD-9CBD-DD5177F8DD5C}.Release|Any CPU.Build.0 = Release|Any CPU
		{A016F4FF-3054-48AD-9CBD-DD5177F8DD5C}.Release|x86.ActiveCfg = Release|Any CPU
		{A016F4FF-3054-48AD-9CBD-DD5177F8DD5C}.Release|x86.Build.0 = Release|Any CPU
		{FD73740F-97C1-4634-9478-4736D3835DBA}.Debug|Any CPU.ActiveCfg = Debug|Any CPU
		{FD73740F-97C1-4634-9478-4736D3835DBA}.Debug|Any CPU.Build.0 = Debug|Any CPU
		{FD73740F-97C1-4634-9478-4736D3835DBA}.Debug|x86.ActiveCfg = Debug|Any CPU
		{FD73740F-97C1-4634-9478-4736D3835DBA}.Debug|x86.Build.0 = Debug|Any CPU
		{FD73740F-97C1-4634-9478-4736D3835DBA}.Release|Any CPU.ActiveCfg = Release|Any CPU
		{FD73740F-97C1-4634-9478-4736D3835DBA}.Release|Any CPU.Build.0 = Release|Any CPU
		{FD73740F-97C1-4634-9478-4736D3835DBA}.Release|x86.ActiveCfg = Release|Any CPU
		{FD73740F-97C1-4634-9478-4736D3835DBA}.Release|x86.Build.0 = Release|Any CPU
		{5F99CE7E-EBFC-46C2-95D4-6B3FE6F79769}.Debug|Any CPU.ActiveCfg = Debug|Any CPU
		{5F99CE7E-EBFC-46C2-95D4-6B3FE6F79769}.Debug|Any CPU.Build.0 = Debug|Any CPU
		{5F99CE7E-EBFC-46C2-95D4-6B3FE6F79769}.Debug|x86.ActiveCfg = Debug|Any CPU
		{5F99CE7E-EBFC-46C2-95D4-6B3FE6F79769}.Debug|x86.Build.0 = Debug|Any CPU
		{5F99CE7E-EBFC-46C2-95D4-6B3FE6F79769}.Release|Any CPU.ActiveCfg = Release|Any CPU
		{5F99CE7E-EBFC-46C2-95D4-6B3FE6F79769}.Release|Any CPU.Build.0 = Release|Any CPU
		{5F99CE7E-EBFC-46C2-95D4-6B3FE6F79769}.Release|x86.ActiveCfg = Release|Any CPU
		{5F99CE7E-EBFC-46C2-95D4-6B3FE6F79769}.Release|x86.Build.0 = Release|Any CPU
	EndGlobalSection
	GlobalSection(SolutionProperties) = preSolution
		HideSolutionNode = FALSE
	EndGlobalSection
	GlobalSection(ExtensibilityGlobals) = postSolution
		SolutionGuid = {433D7B7B-5996-47FA-AEB9-01C7D75B7294}
	EndGlobalSection
EndGlobal
